PODS:
  - composeApp (1.0.0):
    - Sentry (= 8.55.1)
  - Sentry (8.55.1):
    - Sentry/Core (= 8.55.1)
  - Sentry/Core (8.55.1)

DEPENDENCIES:
  - composeApp (from `../composeApp`)

SPEC REPOS:
  trunk:
    - Sentry

EXTERNAL SOURCES:
  composeApp:
    :path: "../composeApp"

SPEC CHECKSUMS:
  composeApp: 1a26345ff672e3e0b7c29629de8180ff18b21fa2
  Sentry: 6c92b12db0634612f6a66757890fea97e788fe12

PODFILE CHECKSUM: 5799e407fa93c2127241dd227b6fa65ddc4b9d12

COCOAPODS: 1.16.2
