PODS:
  - composeApp (1.1.1):
    - Sentry (~> 8.57.1)
  - Sentry (8.57.2):
    - Sentry/Core (= 8.57.2)
  - Sentry/Core (8.57.2)

DEPENDENCIES:
  - composeApp (from `../composeApp`)

SPEC REPOS:
  trunk:
    - Sentry

EXTERNAL SOURCES:
  composeApp:
    :path: "../composeApp"

SPEC CHECKSUMS:
  composeApp: 645fc2b5309f8d47c984c4676c4d1da18d28f976
  Sentry: 83a3814c3ca042874b39c5c5bdffb6570d4d760e

PODFILE CHECKSUM: 3bc5100229ec16ce4e91b20836eecff9fb15c5af

COCOAPODS: 1.16.2
