PODS:
  - composeApp (1.2.0):
    - Sentry (~> 8.57.3)
  - Sentry (8.57.3):
    - Sentry/Core (= 8.57.3)
  - Sentry/Core (8.57.3)

DEPENDENCIES:
  - composeApp (from `../composeApp`)

SPEC REPOS:
  trunk:
    - Sentry

EXTERNAL SOURCES:
  composeApp:
    :path: "../composeApp"

SPEC CHECKSUMS:
  composeApp: 1c05394dfb5b71492f77d1eb7875bd232206b420
  Sentry: c643eb180df401dd8c734c5036ddd9dd9218daa6

PODFILE CHECKSUM: 3bc5100229ec16ce4e91b20836eecff9fb15c5af

COCOAPODS: 1.16.2
